bitarray==3.11.0 --hash=sha256:5db38c0a36d07190c3629c65dab2504233a56b1c35d8b1cc3d7369943d028711
mmh3==5.3.0 --hash=sha256:ad5e6b56000d4b1b82a380c664982371939dc8f728fcbb73d017edc035247dcb
xxhash==4.0.1 --hash=sha256:5c2d525a3afabcd8e3549d85fc7e111fde6bc302d06a1893fe73adb79823415e
pip==26.2.1 --hash=sha256:71138adf1f4ca900cdb7d289c21b7494329f2332b6d85f0e1c42108c0384ed3e
