attrs==26.1.0 --hash=sha256:c647aa4a12dfbad9333ca4e71fe62ddc36f4e63b2d260a37a8b83d2f043ac309
deprecated==1.3.1 --hash=sha256:597bfef186b6f60181535a29fbe44865ce137a5079f295b479886c82729d5f3f
docutils==0.23 --hash=sha256:25d013af9bf23bc1c7b2b093dff4208166c53a94786c9e447808335ef1185fea
entry-points-txt==0.3.0 --hash=sha256:690a9335a17ded03ed221c2019c28094e74a9ea734931bd6ee6d853e58caa90a
headerparser==0.5.2 --hash=sha256:e89d35c8cfe494f7fdec6eff14b4a9d5542fc2b2b8f1b50d750b62d822d0b8d6
nh3==0.3.7 --hash=sha256:618e3059caf41ccdf5dcccb3fa9df4cf6e4efe23d1382a8bbfca272a8a4f8bfc
packaging==26.3 --hash=sha256:d7193f7c8e4e93f444fde0262bf90af30e16fa0ad0ad44cb553c87339b23cd1c
pygments==2.21.0 --hash=sha256:2363c69b61c4a97c838da3b130dcd6468f4848992b21a82f2a63ec34377137d9
readme-renderer==45.0 --hash=sha256:3385ed220117104a2bceb4a9dac8c5fdf6d1f96890d7ea2a9c7174fd5c84091f
wheel-filename==2.1.0 --hash=sha256:33de41b29f9520fff89494387e27d244d1c8ebe20126537b4a663f4be625ccff
wheel-inspect==1.8.0 --hash=sha256:0881fa6730873251f30b481173c6083608bdcc24212a483b9d9605bf85d4cb80
wrapt==2.3.0 --hash=sha256:cdc021cb0b62471d6aac7f2bd92f3b4658073775f9ee7fcd325c511129e7bcc8
