portion==2.6.2 --hash=sha256:86be115afafa776174dc5eac82afb6496c9fa3684f5b3a844c3139535c51085e
intervaltree==3.2.1 --hash=sha256:a8a8381bbd35d48ceebee932c77ffc988492d22fb1d27d0ba1d74a7694eb8f0b
pyrsistent==0.20.0 --hash=sha256:4021a7f963d88ccd15b523787d18ed5e5269ce57aa4037146a2377ff607ae87d
sortedcontainers==2.4.0 --hash=sha256:a163dcaede0f1c021485e957a39245190e74249897e2ae4b2aa38595db237ee0
