symengine==0.14.1 --hash=sha256:5091ce86728022d2c7e0e864ab23070494c1f24fb430ab3437d46806e854651e
opt_einsum==3.4.0 --hash=sha256:69bb92469f86a1565195ece4ac0323943e83477171b91d24c35afe028a90d7cd
numexpr==2.14.2 --hash=sha256:8fc55d14bcf17b3fe69213bea14f999451892b4690717008c66f2edfd6a085ce
numpy==2.5.3 --hash=sha256:0a59a421a32580a009e8a1751345bf829631b990dc1794b80514ab722b435def
