bitstruct==8.23.0 --hash=sha256:6127331b2b006d29fab83e0490d6ba82110df697df835f8219a14c45e0f23bc7
cffi==2.1.1 --hash=sha256:f53e442b08449d42821fa4a4fba000095af9f62742a500f978a9f557ec44339a
construct==2.10.70 --hash=sha256:c80be81ef595a1a821ec69dc16099550ed22197615f4320b57cc9ce2a672cb30
numpy==2.5.3 --hash=sha256:0a59a421a32580a009e8a1751345bf829631b990dc1794b80514ab722b435def
pycparser==3.0 --hash=sha256:b727414169a36b7d524c1c3e31839a521725078d7b2ff038656844266160a992
soundfile==0.14.0 --hash=sha256:299491d3499460fb1b74bb4bd78b57ffc2d243a5fafa7b6ec1b264875c78453e
typing_extensions==4.16.0 --hash=sha256:481caa481374e813c1b176ada14e97f1f67a4539ce9cfeb3f350d78d6370c2e8
