asdf==5.4.0 --hash=sha256:c4367681154f35550a6dda3563e251a6cda50e43d34e54dad27704fe7da1aeef
asdf-standard==1.5.0 --hash=sha256:487d192c5eb1335a62c07a88d82503e1fe57911c0876ee183cf572d385f97213
astropy==8.0.1 --hash=sha256:ee9024f2237243ebc98726f8eff2efbf201ea4e0bba1d21f6e2dee0cb499fbdf
astropy-iers-data==0.2026.9.7.0.56.14 --hash=sha256:b24396f527feb4ec4b4ef0dcba820246ac7ecb1eed91ebb9e767d64774349659
attrs==26.1.0 --hash=sha256:c647aa4a12dfbad9333ca4e71fe62ddc36f4e63b2d260a37a8b83d2f043ac309
jmespath==1.1.0 --hash=sha256:a5663118de4908c91729bea0acadca56526eb2698e83de10cd116ae0f4e97c64
numpy==2.5.3 --hash=sha256:0a59a421a32580a009e8a1751345bf829631b990dc1794b80514ab722b435def
packaging==26.3 --hash=sha256:d7193f7c8e4e93f444fde0262bf90af30e16fa0ad0ad44cb553c87339b23cd1c
pyerfa==2.0.1.5 --hash=sha256:66292d437dcf75925b694977aa06eb697126e7b86553e620371ed3e48b5e0ad0
PyYAML==6.0.3 --hash=sha256:5fcd34e47f6e0b794d17de1b4ff496c00986e1c83f7ab2fb8fcfe9616ff7477b
semantic-version==2.10.0 --hash=sha256:de78a3b8e0feda74cabc54aab2da702113e33ac9d9eb9d2389bcf1f58b7d9177
typing-extensions==4.16.0 --hash=sha256:481caa481374e813c1b176ada14e97f1f67a4539ce9cfeb3f350d78d6370c2e8
uncertainties==3.2.3 --hash=sha256:313353900d8f88b283c9bad81e7d2b2d3d4bcc330cbace35403faaed7e78890a
