simpy==4.1.2 --hash=sha256:43071f84b6512c9b4fcb33ef057f240ccb1d1f3b263f9b4f9229d072e310b372
transitions==0.9.3 --hash=sha256:02463248f2b668d86f66636b1e3c9e8de84d93e22915247f4e1aa9ee1cae28aa
python-constraint2==2.7.3 --hash=sha256:32c4b22458d12145cbd06b673f1e67ae5632e96bc95a743c4258a5e94f27d0b9
six==1.17.0 --hash=sha256:4721f391ed90541fddacab5acf947aa0d3dc7d27b2e1e8eda2be8970586c3274
pip==26.2.1 --hash=sha256:71138adf1f4ca900cdb7d289c21b7494329f2332b6d85f0e1c42108c0384ed3e
