highspy==1.15.1 --hash=sha256:8c548165270608a40147a7ea6d985fd62a65fabf0f075b3c0c59ea910b724223
pulp==3.3.2 --hash=sha256:631b166f72086971a9597f7a0233ababa99bb8d50a01cd543f7758be5a9f86c0
pymaxflow==1.3.2 --hash=sha256:95072906a5df055b656e1aa4e1b010d7b883d9cfb2ca990d915f79663bdd72aa
numpy==2.5.3 --hash=sha256:0a59a421a32580a009e8a1751345bf829631b990dc1794b80514ab722b435def
