cbor2==6.1.4 --hash=sha256:cc8cd300e236e9797b2e1ce306109dc481fcccf78bfa2682bf36d99e6eab1ec6
msgpack==1.2.2 --hash=sha256:b68614fba0570349833b7dd999ff0aed4e5cc8d9eb6e3a7d4527be33c65e33d3
jsonlines==4.0.0 --hash=sha256:185b334ff2ca5a91362993f42e83588a360cf95ce4b71a73548502bda52a7c55
attrs==26.1.0 --hash=sha256:c647aa4a12dfbad9333ca4e71fe62ddc36f4e63b2d260a37a8b83d2f043ac309
