owner=Vesper Arlen
phase=v689-v7-r2
display_phase=v689-v7 (2)
source_owner=Vesper Arlen
source_phase=v689-v7
source_commit=ceed54dca93bdf938ee779ecf571fd73e28df0b6
source_is_ancestor=false
blank_root_main_lane=true
interstitial=true
numbered_slot_consumed=false
planning_only=true
strict_x1_before_x2=true
new_proposals=200
inherited_selections=200
safe_x1=100
safe_x2=100
candidate_x1=100
candidate_x2=100
clean_fix_refine_x1=100
clean_fix_refine_x2=100
skills_x1=10
skills_x2=10
runners_x1=5
runners_x2=5
global_skills=5
global_runners=5
exact_packets=50
blocked_packets=30
direct_packages=3
allowed_outcomes=completed,represented,open_gap,exact_gate
canonical_invocations=1
canonical_success_replay=false
prospective_successor=Ilyan Reed
prospective_successor_phase=v689-v8
terminal_verdict=NOT_READY_FOR_STAGE_20
