attrs==26.1.0 --hash=sha256:c647aa4a12dfbad9333ca4e71fe62ddc36f4e63b2d260a37a8b83d2f043ac309
boltons==26.1.0 --hash=sha256:1d966b165805b83600b31af9f0db672e3b3313d9de438e22708a94ac5f4c93de
cachebox==5.2.3 --hash=sha256:cfd69114141ab362acaa2099e425a1b965cf7b021a539a4e953143d593930b74
deepdiff==9.1.0 --hash=sha256:80c0460e1993b04f6f0ca79abf25548b129fd218478c4ebb08f80560f5d10610
dictdiffer==0.10.0 --hash=sha256:6ca50f38f7c5ee27d52789eee095ae473d9e02e1aa7612cb3aaf25fcf081dbf6
face==26.0.1 --hash=sha256:ab0a83c37c9789dce658a67a9a80eafaa113c9ec37c5a9d950ff5480542a062d
glom==25.12.0 --hash=sha256:b9f21e77f71a6576a43864e85066b8cc3f0f778d0d50961563f8981377a6dcb1
ijson==3.5.1 --hash=sha256:322c783f3ee0c6b383bbd4db88370b10172168808cc2a0bf811f1253f7435602
jmespath==1.1.0 --hash=sha256:a5663118de4908c91729bea0acadca56526eb2698e83de10cd116ae0f4e97c64
jsonmerge==1.9.2 --hash=sha256:cab93ee7763fb51a4a09bbdab2eacf499ffb208ab94247ae86acea3e0e823b05
jsonpath-ng==1.8.0 --hash=sha256:b8dde192f8af58d646fc031fac9c99fe4d00326afc4148f1f043c601a8cfe138
jsonschema==4.26.0 --hash=sha256:d489f15263b8d200f8387e64b4c3a75f06629559fb73deb8fdfb525f2dab50ce
jsonschema-specifications==2025.9.1 --hash=sha256:98802fee3a11ee76ecaca44429fda8a41bff98b00a0f2838151b113f210cc6fe
mergedeep==1.3.4 --hash=sha256:70775750742b25c0d8f36c55aed03d24c3384d17c951b3175d898bd778ef0307
more-itertools==11.1.0 --hash=sha256:4b65538ae22f6fed0ce4874efd317463a7489796a0939fa66824dd542125a192
natsort==8.4.0 --hash=sha256:4732914fb471f56b5cce04d7bae6f164a592c7712e1c85f9ef585e197299521c
orderly-set==5.5.0 --hash=sha256:46f0b801948e98f427b412fcabb831677194c05c3b699b80de260374baa0b1e7
pip==26.2.1 --hash=sha256:71138adf1f4ca900cdb7d289c21b7494329f2332b6d85f0e1c42108c0384ed3e
pydash==8.1.0 --hash=sha256:61df790f303288df7da3a766c3ca6ea5a8f3ec882b28712bac8d13573dbaba97
referencing==0.37.0 --hash=sha256:381329a9f99628c9069361716891d34ad94af76e461dcb0335825aecc7692231
rpds-py==2026.6.3 --hash=sha256:2c958bf94822e9290a40aaf2a822d4bc5c88099093e3948ad6c571eca9272e5f
toolz==1.1.0 --hash=sha256:15ccc861ac51c53696de0a5d6d4607f99c210739caf987b5d2054f3efed429d8
typing_extensions==4.16.0 --hash=sha256:481caa481374e813c1b176ada14e97f1f67a4539ce9cfeb3f350d78d6370c2e8
