owner=Vesper Arlen
phase=v689-v7
source_owner=Neris Solane
source_phase=v689-v6
source_commit=d58272639a581e28176b2aca76f8f468df60e9a6
source_is_ancestor=false
blank_root_rotation=true
planning_only=true
strict_x1_before_x2=true
new_proposals=200
inherited_selections=200
safe_x1=100
safe_x2=100
candidate_x1=100
candidate_x2=100
clean_fix_refine_x1=100
clean_fix_refine_x2=100
skills_x1=10
skills_x2=10
runners_x1=5
runners_x2=5
exact_packets=50
blocked_packets=30
packages=3
allowed_outcomes=completed,represented,open_gap,exact_gate
canonical_invocations=1
canonical_success_replay=false
terminal_verdict=NOT_READY_FOR_STAGE_20
